
Microsoft Visual Studio Solution File, Format Version 12.00
# Visual Studio Version 17
VisualStudioVersion = 17.3.32901.215
MinimumVisualStudioVersion = 10.0.40219.1
Project("{FAE04EC0-301F-11D3-BF4B-00C04F79EFBC}") = "ConnectorComm", "ConnectorComm.csproj", "{44C904EA-B808-4395-ACC9-5177239D6C5A}"
EndProject
Global
	GlobalSection(SolutionConfigurationPlatforms) = preSolution
		Debug|Any CPU = Debug|Any CPU
		Release|Any CPU = Release|Any CPU
	EndGlobalSection
	GlobalSection(ProjectConfigurationPlatforms) = postSolution
		{44C904EA-B808-4395-ACC9-5177239D6C5A}.Debug|Any CPU.ActiveCfg = Debug|Any CPU
		{44C904EA-B808-4395-ACC9-5177239D6C5A}.Debug|Any CPU.Build.0 = Debug|Any CPU
		{44C904EA-B808-4395-ACC9-5177239D6C5A}.Release|Any CPU.ActiveCfg = Release|Any CPU
		{44C904EA-B808-4395-ACC9-5177239D6C5A}.Release|Any CPU.Build.0 = Release|Any CPU
	EndGlobalSection
	GlobalSection(SolutionProperties) = preSolution
		HideSolutionNode = FALSE
	EndGlobalSection
	GlobalSection(ExtensibilityGlobals) = postSolution
		SolutionGuid = {69F721B7-C6E5-483B-A9C2-153B629D336C}
	EndGlobalSection
EndGlobal
